
Microsoft Visual Studio Solution File, Format Version 12.00
# Visual Studio Version 17
VisualStudioVersion = 17.6.33815.320
MinimumVisualStudioVersion = 10.0.40219.1
Project("{FAE04EC0-301F-11D3-BF4B-00C04F79EFBC}") = "6TTI_Bar_Evrard", "6TTI_Bar_Evrard\6TTI_Bar_Evrard.csproj", "{CC4AC372-5FC8-4643-8195-F295707D530A}"
EndProject
Global
	GlobalSection(SolutionConfigurationPlatforms) = preSolution
		Debug|Any CPU = Debug|Any CPU
		Release|Any CPU = Release|Any CPU
	EndGlobalSection
	GlobalSection(ProjectConfigurationPlatforms) = postSolution
		{CC4AC372-5FC8-4643-8195-F295707D530A}.Debug|Any CPU.ActiveCfg = Debug|Any CPU
		{CC4AC372-5FC8-4643-8195-F295707D530A}.Debug|Any CPU.Build.0 = Debug|Any CPU
		{CC4AC372-5FC8-4643-8195-F295707D530A}.Release|Any CPU.ActiveCfg = Release|Any CPU
		{CC4AC372-5FC8-4643-8195-F295707D530A}.Release|Any CPU.Build.0 = Release|Any CPU
	EndGlobalSection
	GlobalSection(SolutionProperties) = preSolution
		HideSolutionNode = FALSE
	EndGlobalSection
	GlobalSection(ExtensibilityGlobals) = postSolution
		SolutionGuid = {FD89A56E-19BF-4BF7-9B2E-0A25555186B7}
	EndGlobalSection
EndGlobal
