
Microsoft Visual Studio Solution File, Format Version 12.00
# Visual Studio Version 17
VisualStudioVersion = 17.6.33815.320
MinimumVisualStudioVersion = 10.0.40219.1
Project("{FAE04EC0-301F-11D3-BF4B-00C04F79EFBC}") = "6TTI_Levrier_Evrard", "6TTI_Levrier_Evrard\6TTI_Levrier_Evrard.csproj", "{05BCE6C0-DF28-4D73-9E8F-73D39FA0924D}"
EndProject
Global
	GlobalSection(SolutionConfigurationPlatforms) = preSolution
		Debug|Any CPU = Debug|Any CPU
		Release|Any CPU = Release|Any CPU
	EndGlobalSection
	GlobalSection(ProjectConfigurationPlatforms) = postSolution
		{05BCE6C0-DF28-4D73-9E8F-73D39FA0924D}.Debug|Any CPU.ActiveCfg = Debug|Any CPU
		{05BCE6C0-DF28-4D73-9E8F-73D39FA0924D}.Debug|Any CPU.Build.0 = Debug|Any CPU
		{05BCE6C0-DF28-4D73-9E8F-73D39FA0924D}.Release|Any CPU.ActiveCfg = Release|Any CPU
		{05BCE6C0-DF28-4D73-9E8F-73D39FA0924D}.Release|Any CPU.Build.0 = Release|Any CPU
	EndGlobalSection
	GlobalSection(SolutionProperties) = preSolution
		HideSolutionNode = FALSE
	EndGlobalSection
	GlobalSection(ExtensibilityGlobals) = postSolution
		SolutionGuid = {88FE7B8A-1D46-4D80-B2F9-F27407947AE5}
	EndGlobalSection
EndGlobal
