
Microsoft Visual Studio Solution File, Format Version 12.00
# Visual Studio Version 17
VisualStudioVersion = 17.6.33815.320
MinimumVisualStudioVersion = 10.0.40219.1
Project("{FAE04EC0-301F-11D3-BF4B-00C04F79EFBC}") = "I2P623_Evrard", "I2P623_Evrard\I2P623_Evrard.csproj", "{37D1E20B-7F76-4D5B-B7D8-BF9AC741F369}"
EndProject
Global
	GlobalSection(SolutionConfigurationPlatforms) = preSolution
		Debug|Any CPU = Debug|Any CPU
		Release|Any CPU = Release|Any CPU
	EndGlobalSection
	GlobalSection(ProjectConfigurationPlatforms) = postSolution
		{37D1E20B-7F76-4D5B-B7D8-BF9AC741F369}.Debug|Any CPU.ActiveCfg = Debug|Any CPU
		{37D1E20B-7F76-4D5B-B7D8-BF9AC741F369}.Debug|Any CPU.Build.0 = Debug|Any CPU
		{37D1E20B-7F76-4D5B-B7D8-BF9AC741F369}.Release|Any CPU.ActiveCfg = Release|Any CPU
		{37D1E20B-7F76-4D5B-B7D8-BF9AC741F369}.Release|Any CPU.Build.0 = Release|Any CPU
	EndGlobalSection
	GlobalSection(SolutionProperties) = preSolution
		HideSolutionNode = FALSE
	EndGlobalSection
	GlobalSection(ExtensibilityGlobals) = postSolution
		SolutionGuid = {66DBBEF9-56D9-40A7-95DF-91B22A960407}
	EndGlobalSection
EndGlobal
