
Microsoft Visual Studio Solution File, Format Version 12.00
# Visual Studio Version 17
VisualStudioVersion = 17.6.33815.320
MinimumVisualStudioVersion = 10.0.40219.1
Project("{FAE04EC0-301F-11D3-BF4B-00C04F79EFBC}") = "6TTI_HeritageEx3_Evrard", "6TTI_HeritageEx3_Evrard\6TTI_HeritageEx3_Evrard.csproj", "{132A9854-9722-4573-9A45-A8DDF0B7A66E}"
EndProject
Global
	GlobalSection(SolutionConfigurationPlatforms) = preSolution
		Debug|Any CPU = Debug|Any CPU
		Release|Any CPU = Release|Any CPU
	EndGlobalSection
	GlobalSection(ProjectConfigurationPlatforms) = postSolution
		{132A9854-9722-4573-9A45-A8DDF0B7A66E}.Debug|Any CPU.ActiveCfg = Debug|Any CPU
		{132A9854-9722-4573-9A45-A8DDF0B7A66E}.Debug|Any CPU.Build.0 = Debug|Any CPU
		{132A9854-9722-4573-9A45-A8DDF0B7A66E}.Release|Any CPU.ActiveCfg = Release|Any CPU
		{132A9854-9722-4573-9A45-A8DDF0B7A66E}.Release|Any CPU.Build.0 = Release|Any CPU
	EndGlobalSection
	GlobalSection(SolutionProperties) = preSolution
		HideSolutionNode = FALSE
	EndGlobalSection
	GlobalSection(ExtensibilityGlobals) = postSolution
		SolutionGuid = {A315F629-A940-4168-8887-0BC8795A186D}
	EndGlobalSection
EndGlobal
